
Microsoft Visual Studio Solution File, Format Version 12.00
# Visual Studio 14
VisualStudioVersion = 14.0.25420.1
MinimumVisualStudioVersion = 10.0.40219.1
Project("{FAE04EC0-301F-11D3-BF4B-00C04F79EFBC}") = "Advertisement.Application", "Advertisement.Application\Advertisement.Application.csproj", "{A70C8850-2A5A-4440-8602-FD1EBBE9C0F1}"
EndProject
Project("{FAE04EC0-301F-11D3-BF4B-00C04F79EFBC}") = "Advertisement.Web.Mvc", "Advertisement.Web.Mvc\Advertisement.Web.Mvc.csproj", "{01619326-A150-47FB-B25E-B38F223655E0}"
EndProject
Project("{FAE04EC0-301F-11D3-BF4B-00C04F79EFBC}") = "Advertisement.Web.Api", "Advertisement.Web.Api\Advertisement.Web.Api.csproj", "{8FF4D6D5-40B5-4ECE-8FD5-FAA718FB4B49}"
EndProject
Global
	GlobalSection(SolutionConfigurationPlatforms) = preSolution
		Debug|Any CPU = Debug|Any CPU
		Release|Any CPU = Release|Any CPU
	EndGlobalSection
	GlobalSection(ProjectConfigurationPlatforms) = postSolution
		{A70C8850-2A5A-4440-8602-FD1EBBE9C0F1}.Debug|Any CPU.ActiveCfg = Debug|Any CPU
		{A70C8850-2A5A-4440-8602-FD1EBBE9C0F1}.Debug|Any CPU.Build.0 = Debug|Any CPU
		{A70C8850-2A5A-4440-8602-FD1EBBE9C0F1}.Release|Any CPU.ActiveCfg = Release|Any CPU
		{A70C8850-2A5A-4440-8602-FD1EBBE9C0F1}.Release|Any CPU.Build.0 = Release|Any CPU
		{01619326-A150-47FB-B25E-B38F223655E0}.Debug|Any CPU.ActiveCfg = Debug|Any CPU
		{01619326-A150-47FB-B25E-B38F223655E0}.Debug|Any CPU.Build.0 = Debug|Any CPU
		{01619326-A150-47FB-B25E-B38F223655E0}.Release|Any CPU.ActiveCfg = Release|Any CPU
		{01619326-A150-47FB-B25E-B38F223655E0}.Release|Any CPU.Build.0 = Release|Any CPU
		{8FF4D6D5-40B5-4ECE-8FD5-FAA718FB4B49}.Debug|Any CPU.ActiveCfg = Debug|Any CPU
		{8FF4D6D5-40B5-4ECE-8FD5-FAA718FB4B49}.Debug|Any CPU.Build.0 = Debug|Any CPU
		{8FF4D6D5-40B5-4ECE-8FD5-FAA718FB4B49}.Release|Any CPU.ActiveCfg = Release|Any CPU
		{8FF4D6D5-40B5-4ECE-8FD5-FAA718FB4B49}.Release|Any CPU.Build.0 = Release|Any CPU
	EndGlobalSection
	GlobalSection(SolutionProperties) = preSolution
		HideSolutionNode = FALSE
	EndGlobalSection
	GlobalSection(TeamFoundationVersionControl) = preSolution
		SccNumberOfProjects = 4
		SccEnterpriseProvider = {4CA58AB2-18FA-4F8D-95D4-32DDF27D184C}
		SccTeamFoundationServer = https://ehsanghanbari.visualstudio.com/
		SccLocalPath0 = .
		SccProjectUniqueName1 = Advertisement.Application\\Advertisement.Application.csproj
		SccProjectName1 = Advertisement.Application
		SccLocalPath1 = Advertisement.Application
		SccProjectUniqueName2 = Advertisement.Web.Api\\Advertisement.Web.Api.csproj
		SccProjectName2 = Advertisement.Web.Api
		SccLocalPath2 = Advertisement.Web.Api
		SccProjectUniqueName3 = Advertisement.Web.Mvc\\Advertisement.Web.Mvc.csproj
		SccProjectName3 = Advertisement.Web.Mvc
		SccLocalPath3 = Advertisement.Web.Mvc
	EndGlobalSection
EndGlobal
